
Microsoft Visual Studio Solution File, Format Version 12.00
# Visual Studio Version 16
VisualStudioVersion = 16.0.30413.136
MinimumVisualStudioVersion = 10.0.40219.1
Project("{9A19103F-16F7-4668-BE54-9A1E7A4F7556}") = "Day01", "Day1\Day01.csproj", "{63BD727D-77A7-4406-BB2B-80566A9502BF}"
EndProject
Global
	GlobalSection(SolutionConfigurationPlatforms) = preSolution
		Debug|Any CPU = Debug|Any CPU
		Release|Any CPU = Release|Any CPU
	EndGlobalSection
	GlobalSection(ProjectConfigurationPlatforms) = postSolution
		{63BD727D-77A7-4406-BB2B-80566A9502BF}.Debug|Any CPU.ActiveCfg = Debug|Any CPU
		{63BD727D-77A7-4406-BB2B-80566A9502BF}.Debug|Any CPU.Build.0 = Debug|Any CPU
		{63BD727D-77A7-4406-BB2B-80566A9502BF}.Release|Any CPU.ActiveCfg = Release|Any CPU
		{63BD727D-77A7-4406-BB2B-80566A9502BF}.Release|Any CPU.Build.0 = Release|Any CPU
	EndGlobalSection
	GlobalSection(SolutionProperties) = preSolution
		HideSolutionNode = FALSE
	EndGlobalSection
	GlobalSection(ExtensibilityGlobals) = postSolution
		SolutionGuid = {C8B20144-0758-44B2-9EB6-293D27CC2FBB}
	EndGlobalSection
EndGlobal
