
Microsoft Visual Studio Solution File, Format Version 12.00
# Visual Studio Version 16
VisualStudioVersion = 16.0.30413.136
MinimumVisualStudioVersion = 10.0.40219.1
Project("{FAE04EC0-301F-11D3-BF4B-00C04F79EFBC}") = "Day07", "Day07\Day07.csproj", "{25DCD3EF-6A19-462C-A133-B48F542887A5}"
EndProject
Global
	GlobalSection(SolutionConfigurationPlatforms) = preSolution
		Debug|Any CPU = Debug|Any CPU
		Release|Any CPU = Release|Any CPU
	EndGlobalSection
	GlobalSection(ProjectConfigurationPlatforms) = postSolution
		{25DCD3EF-6A19-462C-A133-B48F542887A5}.Debug|Any CPU.ActiveCfg = Debug|Any CPU
		{25DCD3EF-6A19-462C-A133-B48F542887A5}.Debug|Any CPU.Build.0 = Debug|Any CPU
		{25DCD3EF-6A19-462C-A133-B48F542887A5}.Release|Any CPU.ActiveCfg = Release|Any CPU
		{25DCD3EF-6A19-462C-A133-B48F542887A5}.Release|Any CPU.Build.0 = Release|Any CPU
	EndGlobalSection
	GlobalSection(SolutionProperties) = preSolution
		HideSolutionNode = FALSE
	EndGlobalSection
	GlobalSection(ExtensibilityGlobals) = postSolution
		SolutionGuid = {3A59E12D-4955-4056-B82A-D9FB5C9C8AC3}
	EndGlobalSection
EndGlobal
