
Microsoft Visual Studio Solution File, Format Version 12.00
# Visual Studio Version 16
VisualStudioVersion = 16.0.30413.136
MinimumVisualStudioVersion = 10.0.40219.1
Project("{FAE04EC0-301F-11D3-BF4B-00C04F79EFBC}") = "Day08", "Day08\Day08.csproj", "{A017B5D8-B337-40FC-A1C0-682E6316A414}"
EndProject
Global
	GlobalSection(SolutionConfigurationPlatforms) = preSolution
		Debug|Any CPU = Debug|Any CPU
		Release|Any CPU = Release|Any CPU
	EndGlobalSection
	GlobalSection(ProjectConfigurationPlatforms) = postSolution
		{A017B5D8-B337-40FC-A1C0-682E6316A414}.Debug|Any CPU.ActiveCfg = Debug|Any CPU
		{A017B5D8-B337-40FC-A1C0-682E6316A414}.Debug|Any CPU.Build.0 = Debug|Any CPU
		{A017B5D8-B337-40FC-A1C0-682E6316A414}.Release|Any CPU.ActiveCfg = Release|Any CPU
		{A017B5D8-B337-40FC-A1C0-682E6316A414}.Release|Any CPU.Build.0 = Release|Any CPU
	EndGlobalSection
	GlobalSection(SolutionProperties) = preSolution
		HideSolutionNode = FALSE
	EndGlobalSection
	GlobalSection(ExtensibilityGlobals) = postSolution
		SolutionGuid = {93D0CD32-58DD-4407-914B-8EFF8963D4C0}
	EndGlobalSection
EndGlobal
