
Microsoft Visual Studio Solution File, Format Version 12.00
# Visual Studio Version 16
VisualStudioVersion = 16.0.30413.136
MinimumVisualStudioVersion = 10.0.40219.1
Project("{FAE04EC0-301F-11D3-BF4B-00C04F79EFBC}") = "Day09", "Day09\Day09.csproj", "{97DE0BE0-CA1F-4F2A-8440-68293658266C}"
EndProject
Global
	GlobalSection(SolutionConfigurationPlatforms) = preSolution
		Debug|Any CPU = Debug|Any CPU
		Release|Any CPU = Release|Any CPU
	EndGlobalSection
	GlobalSection(ProjectConfigurationPlatforms) = postSolution
		{97DE0BE0-CA1F-4F2A-8440-68293658266C}.Debug|Any CPU.ActiveCfg = Debug|Any CPU
		{97DE0BE0-CA1F-4F2A-8440-68293658266C}.Debug|Any CPU.Build.0 = Debug|Any CPU
		{97DE0BE0-CA1F-4F2A-8440-68293658266C}.Release|Any CPU.ActiveCfg = Release|Any CPU
		{97DE0BE0-CA1F-4F2A-8440-68293658266C}.Release|Any CPU.Build.0 = Release|Any CPU
	EndGlobalSection
	GlobalSection(SolutionProperties) = preSolution
		HideSolutionNode = FALSE
	EndGlobalSection
	GlobalSection(ExtensibilityGlobals) = postSolution
		SolutionGuid = {A9F63813-CE9B-4F58-8C7A-36C0C51A238E}
	EndGlobalSection
EndGlobal
